
Microsoft Visual Studio Solution File, Format Version 12.00
# Visual Studio Version 16
VisualStudioVersion = 16.0.31702.278
MinimumVisualStudioVersion = 10.0.40219.1
Project("{FAE04EC0-301F-11D3-BF4B-00C04F79EFBC}") = "GiaoDien_N20", "GiaoDien_N20\GiaoDien_N20.csproj", "{1535A5DE-8B39-4B90-9DA4-A6FDB97554A5}"
EndProject
Global
	GlobalSection(SolutionConfigurationPlatforms) = preSolution
		Debug|Any CPU = Debug|Any CPU
		Release|Any CPU = Release|Any CPU
	EndGlobalSection
	GlobalSection(ProjectConfigurationPlatforms) = postSolution
		{1535A5DE-8B39-4B90-9DA4-A6FDB97554A5}.Debug|Any CPU.ActiveCfg = Debug|Any CPU
		{1535A5DE-8B39-4B90-9DA4-A6FDB97554A5}.Debug|Any CPU.Build.0 = Debug|Any CPU
		{1535A5DE-8B39-4B90-9DA4-A6FDB97554A5}.Release|Any CPU.ActiveCfg = Release|Any CPU
		{1535A5DE-8B39-4B90-9DA4-A6FDB97554A5}.Release|Any CPU.Build.0 = Release|Any CPU
	EndGlobalSection
	GlobalSection(SolutionProperties) = preSolution
		HideSolutionNode = FALSE
	EndGlobalSection
	GlobalSection(ExtensibilityGlobals) = postSolution
		SolutionGuid = {E9D96FB4-9F0F-4E6E-8F56-EB437E08A5A9}
	EndGlobalSection
EndGlobal
